
Microsoft Visual Studio Solution File, Format Version 12.00
# Visual Studio Version 17
VisualStudioVersion = 17.5.002.0
MinimumVisualStudioVersion = 10.0.40219.1
Project("{9A19103F-16F7-4668-BE54-9A1E7A4F7556}") = "TRAN_THI_THAI_BINH", "TRAN_THI_THAI_BINH.csproj", "{196AFF67-4168-4778-83EA-8216DE88700A}"
EndProject
Global
	GlobalSection(SolutionConfigurationPlatforms) = preSolution
		Debug|Any CPU = Debug|Any CPU
		Release|Any CPU = Release|Any CPU
	EndGlobalSection
	GlobalSection(ProjectConfigurationPlatforms) = postSolution
		{196AFF67-4168-4778-83EA-8216DE88700A}.Debug|Any CPU.ActiveCfg = Debug|Any CPU
		{196AFF67-4168-4778-83EA-8216DE88700A}.Debug|Any CPU.Build.0 = Debug|Any CPU
		{196AFF67-4168-4778-83EA-8216DE88700A}.Release|Any CPU.ActiveCfg = Release|Any CPU
		{196AFF67-4168-4778-83EA-8216DE88700A}.Release|Any CPU.Build.0 = Release|Any CPU
	EndGlobalSection
	GlobalSection(SolutionProperties) = preSolution
		HideSolutionNode = FALSE
	EndGlobalSection
	GlobalSection(ExtensibilityGlobals) = postSolution
		SolutionGuid = {24E0FC4B-091F-4408-B872-8060FFE03B63}
	EndGlobalSection
EndGlobal
